
Microsoft Visual Studio Solution File, Format Version 12.00
# Visual Studio 2012
Project("{F184B08F-C81C-45F6-A57F-5ABD9991F28F}") = "CourseWork1420897", "CourseWork1420897\CourseWork1420897.vbproj", "{F20AE982-CF0F-480B-9B31-25F61BA9A201}"
EndProject
Global
	GlobalSection(SolutionConfigurationPlatforms) = preSolution
		Debug|Any CPU = Debug|Any CPU
		Release|Any CPU = Release|Any CPU
	EndGlobalSection
	GlobalSection(ProjectConfigurationPlatforms) = postSolution
		{F20AE982-CF0F-480B-9B31-25F61BA9A201}.Debug|Any CPU.ActiveCfg = Debug|Any CPU
		{F20AE982-CF0F-480B-9B31-25F61BA9A201}.Debug|Any CPU.Build.0 = Debug|Any CPU
		{F20AE982-CF0F-480B-9B31-25F61BA9A201}.Release|Any CPU.ActiveCfg = Release|Any CPU
		{F20AE982-CF0F-480B-9B31-25F61BA9A201}.Release|Any CPU.Build.0 = Release|Any CPU
	EndGlobalSection
	GlobalSection(SolutionProperties) = preSolution
		HideSolutionNode = FALSE
	EndGlobalSection
EndGlobal
